<?xml version="1.0" encoding="utf-8"?>
<Project ToolsVersion="4.0" xmlns="http://schemas.microsoft.com/developer/msbuild/2003">
  <ItemGroup>
    <Filter Include="Source Files">
      <UniqueIdentifier>{4FC737F1-C7A5-4376-A066-2A32D752A2FF}</UniqueIdentifier>
      <Extensions>cpp;c;cc;cxx;def;odl;idl;hpj;bat;asm;asmx</Extensions>
    </Filter>
    <Filter Include="Header Files">
      <UniqueIdentifier>{93995380-89BD-4b04-88EB-625FBE52EBFB}</UniqueIdentifier>
      <Extensions>h;hh;hpp;hxx;hm;inl;inc;xsd</Extensions>
    </Filter>
    <Filter Include="Resource Files">
      <UniqueIdentifier>{67DA6AB6-F800-4c08-8B7A-83BB121AAD01}</UniqueIdentifier>
      <Extensions>rc;ico;cur;bmp;dlg;rc2;rct;bin;rgs;gif;jpg;jpeg;jpe;resx;tiff;tif;png;wav;mfcribbon-ms</Extensions>
    </Filter>
    <Filter Include="include">
      <UniqueIdentifier>{7ade1df2-827b-402f-a04b-687d4b899c0f}</UniqueIdentifier>
    </Filter>
    <Filter Include="lib">
      <UniqueIdentifier>{388fdf2d-c6bb-4377-9f7b-ea27a8ed99e7}</UniqueIdentifier>
    </Filter>
    <Filter Include="lib\MSVC">
      <UniqueIdentifier>{dc74325a-7cf7-4a55-88ea-4a1d7dfd5cb0}</UniqueIdentifier>
    </Filter>
    <Filter Include="lib\MSVC\vc9">
      <UniqueIdentifier>{d1fd3c4b-aeb0-4139-a4ee-0e818b4ea655}</UniqueIdentifier>
    </Filter>
    <Filter Include="lib\MSVC\vc8">
      <UniqueIdentifier>{9ff6fa9c-d151-4a67-b737-a0999b2b58ab}</UniqueIdentifier>
    </Filter>
  </ItemGroup>
  <ItemGroup>
    <ClCompile Include="Login.cpp">
      <Filter>Source Files</Filter>
    </ClCompile>
    <ClCompile Include="Base.cpp">
      <Filter>Source Files</Filter>
    </ClCompile>
  </ItemGroup>
  <ItemGroup>
    <ClInclude Include="Login.h">
      <Filter>Header Files</Filter>
    </ClInclude>
    <ClInclude Include="oracleDatabaseDriver.h">
      <Filter>Header Files</Filter>
    </ClInclude>
    <ClInclude Include="include\nzerror.h">
      <Filter>include</Filter>
    </ClInclude>
    <ClInclude Include="include\nzt.h">
      <Filter>include</Filter>
    </ClInclude>
    <ClInclude Include="include\occi.h">
      <Filter>include</Filter>
    </ClInclude>
    <ClInclude Include="include\occiAQ.h">
      <Filter>include</Filter>
    </ClInclude>
    <ClInclude Include="include\occiCommon.h">
      <Filter>include</Filter>
    </ClInclude>
    <ClInclude Include="include\occiControl.h">
      <Filter>include</Filter>
    </ClInclude>
    <ClInclude Include="include\occiData.h">
      <Filter>include</Filter>
    </ClInclude>
    <ClInclude Include="include\occiObjects.h">
      <Filter>include</Filter>
    </ClInclude>
    <ClInclude Include="include\oci.h">
      <Filter>include</Filter>
    </ClInclude>
    <ClInclude Include="include\oci1.h">
      <Filter>include</Filter>
    </ClInclude>
    <ClInclude Include="include\oci8dp.h">
      <Filter>include</Filter>
    </ClInclude>
    <ClInclude Include="include\ociap.h">
      <Filter>include</Filter>
    </ClInclude>
    <ClInclude Include="include\ociapr.h">
      <Filter>include</Filter>
    </ClInclude>
    <ClInclude Include="include\ocidef.h">
      <Filter>include</Filter>
    </ClInclude>
    <ClInclude Include="include\ocidem.h">
      <Filter>include</Filter>
    </ClInclude>
    <ClInclude Include="include\ocidfn.h">
      <Filter>include</Filter>
    </ClInclude>
    <ClInclude Include="include\ociextp.h">
      <Filter>include</Filter>
    </ClInclude>
    <ClInclude Include="include\ocikpr.h">
      <Filter>include</Filter>
    </ClInclude>
    <ClInclude Include="include\ocixml.h">
      <Filter>include</Filter>
    </ClInclude>
    <ClInclude Include="include\ocixmldb.h">
      <Filter>include</Filter>
    </ClInclude>
    <ClInclude Include="include\ocixstream.h">
      <Filter>include</Filter>
    </ClInclude>
    <ClInclude Include="include\odci.h">
      <Filter>include</Filter>
    </ClInclude>
    <ClInclude Include="include\oratypes.h">
      <Filter>include</Filter>
    </ClInclude>
    <ClInclude Include="include\ori.h">
      <Filter>include</Filter>
    </ClInclude>
    <ClInclude Include="include\orid.h">
      <Filter>include</Filter>
    </ClInclude>
    <ClInclude Include="include\orl.h">
      <Filter>include</Filter>
    </ClInclude>
    <ClInclude Include="include\oro.h">
      <Filter>include</Filter>
    </ClInclude>
    <ClInclude Include="include\ort.h">
      <Filter>include</Filter>
    </ClInclude>
    <ClInclude Include="include\xa.h">
      <Filter>include</Filter>
    </ClInclude>
  </ItemGroup>
  <ItemGroup>
    <Library Include="lib\MSVC\kpucb.lib">
      <Filter>lib\MSVC</Filter>
    </Library>
    <Library Include="lib\MSVC\oci.lib">
      <Filter>lib\MSVC</Filter>
    </Library>
    <Library Include="lib\MSVC\ociw32.lib">
      <Filter>lib\MSVC</Filter>
    </Library>
    <Library Include="lib\MSVC\oraocci11.lib">
      <Filter>lib\MSVC</Filter>
    </Library>
    <Library Include="lib\MSVC\vc9\oraocci11.lib">
      <Filter>lib\MSVC\vc9</Filter>
    </Library>
    <Library Include="lib\MSVC\vc9\oraocci11d.lib">
      <Filter>lib\MSVC\vc9</Filter>
    </Library>
    <Library Include="lib\MSVC\vc8\oraocci11.lib">
      <Filter>lib\MSVC\vc8</Filter>
    </Library>
    <Library Include="lib\MSVC\vc8\oraocci11d.lib">
      <Filter>lib\MSVC\vc8</Filter>
    </Library>
  </ItemGroup>
  <ItemGroup>
    <None Include="lib\MSVC\vc9\oraocci11.dll">
      <Filter>lib\MSVC\vc9</Filter>
    </None>
    <None Include="lib\MSVC\vc9\oraocci11.sym">
      <Filter>lib\MSVC\vc9</Filter>
    </None>
    <None Include="lib\MSVC\vc9\oraocci11d.dll">
      <Filter>lib\MSVC\vc9</Filter>
    </None>
    <None Include="lib\MSVC\vc9\oraocci11d.sym">
      <Filter>lib\MSVC\vc9</Filter>
    </None>
    <None Include="lib\MSVC\vc8\oraocci11.dll">
      <Filter>lib\MSVC\vc8</Filter>
    </None>
    <None Include="lib\MSVC\vc8\oraocci11.sym">
      <Filter>lib\MSVC\vc8</Filter>
    </None>
    <None Include="lib\MSVC\vc8\oraocci11d.dll">
      <Filter>lib\MSVC\vc8</Filter>
    </None>
    <None Include="lib\MSVC\vc8\oraocci11d.sym">
      <Filter>lib\MSVC\vc8</Filter>
    </None>
  </ItemGroup>
</Project>